{
    "version": 3,
    "terraform_version": "0.8.5",
    "serial": 28,
    "lineage": "52bc546e-0ea6-4b01-8cb3-31bd77441fd4",
    "modules": [
        {
            "path": [
                "root"
            ],
            "outputs": {
                "address": {
                    "sensitive": false,
                    "type": "string",
                    "value": "172.22.202.83"
                }
            },
            "resources": {
                "openstack_compute_floatingip_v2.myip": {
                    "type": "openstack_compute_floatingip_v2",
                    "depends_on": [],
                    "primary": {
                        "id": "a92b58bc-37ad-47f8-9048-f879fe3962b4",
                        "attributes": {
                            "address": "172.22.202.83",
                            "fixed_ip": "",
                            "id": "a92b58bc-37ad-47f8-9048-f879fe3962b4",
                            "instance_id": "",
                            "pool": "ext-net",
                            "region": ""
                        },
                        "meta": {},
                        "tainted": false
                    },
                    "deposed": [],
                    "provider": ""
                },
                "openstack_compute_instance_v2.compute1": {
                    "type": "openstack_compute_instance_v2",
                    "depends_on": [
                        "openstack_networking_network_v2.red-ext",
                        "openstack_networking_network_v2.red-int"
                    ],
                    "primary": {
                        "id": "6a343983-c35a-4569-a1c5-b2bf91a6e5eb",
                        "attributes": {
                            "access_ip_v4": "192.168.1.102",
                            "access_ip_v6": "",
                            "flavor_id": "13",
                            "flavor_name": "m2.normal",
                            "id": "6a343983-c35a-4569-a1c5-b2bf91a6e5eb",
                            "image_id": "ca6effe7-0a47-4257-8624-713225a0bbdd",
                            "image_name": "ubuntu_16_04",
                            "key_pair": "key_jdmr",
                            "metadata.%": "1",
                            "metadata.this": "that",
                            "name": "compute1",
                            "network.#": "2",
                            "network.0.access_network": "false",
                            "network.0.fixed_ip_v4": "192.168.1.102",
                            "network.0.fixed_ip_v6": "",
                            "network.0.floating_ip": "",
                            "network.0.mac": "fa:16:3e:e8:0f:64",
                            "network.0.name": "red-ext",
                            "network.0.port": "",
                            "network.0.uuid": "5e172fc1-406c-4426-8e3b-b93592851659",
                            "network.1.access_network": "false",
                            "network.1.fixed_ip_v4": "192.168.221.102",
                            "network.1.fixed_ip_v6": "",
                            "network.1.floating_ip": "",
                            "network.1.mac": "fa:16:3e:3f:0a:b3",
                            "network.1.name": "red-int",
                            "network.1.port": "",
                            "network.1.uuid": "eb803e95-bde0-47e2-84c6-cb3ffa12c78b",
                            "region": "RegionOne",
                            "security_groups.#": "1",
                            "security_groups.3814588639": "default",
                            "stop_before_destroy": "false",
                            "volume.#": "0"
                        },
                        "meta": {},
                        "tainted": false
                    },
                    "deposed": [],
                    "provider": ""
                },
                "openstack_compute_instance_v2.controller": {
                    "type": "openstack_compute_instance_v2",
                    "depends_on": [
                        "openstack_networking_network_v2.red-ext",
                        "openstack_networking_network_v2.red-int"
                    ],
                    "primary": {
                        "id": "b4f3cb7d-194c-46a1-9dfe-def16cb46873",
                        "attributes": {
                            "access_ip_v4": "192.168.1.101",
                            "access_ip_v6": "",
                            "flavor_id": "13",
                            "flavor_name": "m2.normal",
                            "id": "b4f3cb7d-194c-46a1-9dfe-def16cb46873",
                            "image_id": "ca6effe7-0a47-4257-8624-713225a0bbdd",
                            "image_name": "ubuntu_16_04",
                            "key_pair": "key_jdmr",
                            "metadata.%": "1",
                            "metadata.this": "that",
                            "name": "controller",
                            "network.#": "2",
                            "network.0.access_network": "false",
                            "network.0.fixed_ip_v4": "192.168.1.101",
                            "network.0.fixed_ip_v6": "",
                            "network.0.floating_ip": "",
                            "network.0.mac": "fa:16:3e:93:a4:44",
                            "network.0.name": "red-ext",
                            "network.0.port": "",
                            "network.0.uuid": "5e172fc1-406c-4426-8e3b-b93592851659",
                            "network.1.access_network": "false",
                            "network.1.fixed_ip_v4": "192.168.221.101",
                            "network.1.fixed_ip_v6": "",
                            "network.1.floating_ip": "",
                            "network.1.mac": "fa:16:3e:8c:3f:49",
                            "network.1.name": "red-int",
                            "network.1.port": "",
                            "network.1.uuid": "eb803e95-bde0-47e2-84c6-cb3ffa12c78b",
                            "region": "RegionOne",
                            "security_groups.#": "1",
                            "security_groups.3814588639": "default",
                            "stop_before_destroy": "false",
                            "volume.#": "0"
                        },
                        "meta": {},
                        "tainted": false
                    },
                    "deposed": [],
                    "provider": ""
                },
                "openstack_networking_network_v2.red-ext": {
                    "type": "openstack_networking_network_v2",
                    "depends_on": [],
                    "primary": {
                        "id": "5e172fc1-406c-4426-8e3b-b93592851659",
                        "attributes": {
                            "admin_state_up": "true",
                            "id": "5e172fc1-406c-4426-8e3b-b93592851659",
                            "name": "red-ext",
                            "region": "",
                            "shared": "false",
                            "tenant_id": "639d2d75b1bc4aa082d33872a09591d6"
                        },
                        "meta": {},
                        "tainted": false
                    },
                    "deposed": [],
                    "provider": ""
                },
                "openstack_networking_network_v2.red-int": {
                    "type": "openstack_networking_network_v2",
                    "depends_on": [],
                    "primary": {
                        "id": "eb803e95-bde0-47e2-84c6-cb3ffa12c78b",
                        "attributes": {
                            "admin_state_up": "true",
                            "id": "eb803e95-bde0-47e2-84c6-cb3ffa12c78b",
                            "name": "red-int",
                            "region": "",
                            "shared": "false",
                            "tenant_id": "639d2d75b1bc4aa082d33872a09591d6"
                        },
                        "meta": {},
                        "tainted": false
                    },
                    "deposed": [],
                    "provider": ""
                },
                "openstack_networking_subnet_v2.subred-ext": {
                    "type": "openstack_networking_subnet_v2",
                    "depends_on": [
                        "openstack_networking_network_v2.red-ext"
                    ],
                    "primary": {
                        "id": "ce62685a-6c38-4a5e-9ef3-1f423055163e",
                        "attributes": {
                            "allocation_pools.#": "1",
                            "allocation_pools.0.end": "192.168.1.254",
                            "allocation_pools.0.start": "192.168.1.2",
                            "cidr": "192.168.1.0/24",
                            "dns_nameservers.#": "1",
                            "dns_nameservers.689880798": "192.168.102.2",
                            "enable_dhcp": "true",
                            "gateway_ip": "192.168.1.1",
                            "host_routes.#": "0",
                            "id": "ce62685a-6c38-4a5e-9ef3-1f423055163e",
                            "ip_version": "4",
                            "name": "subred-ext",
                            "network_id": "5e172fc1-406c-4426-8e3b-b93592851659",
                            "region": "",
                            "tenant_id": "639d2d75b1bc4aa082d33872a09591d6"
                        },
                        "meta": {},
                        "tainted": false
                    },
                    "deposed": [],
                    "provider": ""
                },
                "openstack_networking_subnet_v2.subred-int": {
                    "type": "openstack_networking_subnet_v2",
                    "depends_on": [
                        "openstack_networking_network_v2.red-int"
                    ],
                    "primary": {
                        "id": "17e75b09-5732-41a8-b119-130175c965fd",
                        "attributes": {
                            "allocation_pools.#": "1",
                            "allocation_pools.0.end": "192.168.221.254",
                            "allocation_pools.0.start": "192.168.221.2",
                            "cidr": "192.168.221.0/24",
                            "dns_nameservers.#": "0",
                            "enable_dhcp": "true",
                            "gateway_ip": "192.168.221.1",
                            "host_routes.#": "0",
                            "id": "17e75b09-5732-41a8-b119-130175c965fd",
                            "ip_version": "4",
                            "name": "subred-int",
                            "network_id": "eb803e95-bde0-47e2-84c6-cb3ffa12c78b",
                            "region": "",
                            "tenant_id": "639d2d75b1bc4aa082d33872a09591d6"
                        },
                        "meta": {},
                        "tainted": false
                    },
                    "deposed": [],
                    "provider": ""
                }
            },
            "depends_on": []
        }
    ]
}
