{
    "version": 3,
    "terraform_version": "0.8.7",
    "serial": 4,
    "lineage": "4f8a914c-0def-446b-99ec-8c986033065c",
    "modules": [
        {
            "path": [
                "root"
            ],
            "outputs": {
                "address": {
                    "sensitive": false,
                    "type": "string",
                    "value": "172.22.202.50"
                }
            },
            "resources": {
                "openstack_compute_floatingip_v2.myip": {
                    "type": "openstack_compute_floatingip_v2",
                    "depends_on": [],
                    "primary": {
                        "id": "f95a53ae-4eb1-40e3-91a2-ce80237dff72",
                        "attributes": {
                            "address": "172.22.202.50",
                            "fixed_ip": "",
                            "id": "f95a53ae-4eb1-40e3-91a2-ce80237dff72",
                            "instance_id": "",
                            "pool": "ext-net",
                            "region": ""
                        },
                        "meta": {},
                        "tainted": false
                    },
                    "deposed": [],
                    "provider": ""
                },
                "openstack_compute_instance_v2.cliente": {
                    "type": "openstack_compute_instance_v2",
                    "depends_on": [
                        "openstack_compute_floatingip_v2.myip",
                        "openstack_networking_network_v2.red-ext"
                    ],
                    "primary": {
                        "id": "8ba3da99-4c52-445e-b6ec-4b447b3c11c6",
                        "attributes": {
                            "access_ip_v4": "172.22.202.50",
                            "access_ip_v6": "",
                            "flavor_id": "13",
                            "flavor_name": "m2.normal",
                            "id": "8ba3da99-4c52-445e-b6ec-4b447b3c11c6",
                            "image_id": "ca6effe7-0a47-4257-8624-713225a0bbdd",
                            "image_name": "ubuntu_16_04",
                            "key_pair": "key_jdmr",
                            "metadata.%": "1",
                            "metadata.this": "that",
                            "name": "cliente",
                            "network.#": "2",
                            "network.0.access_network": "true",
                            "network.0.fixed_ip_v4": "10.0.0.8",
                            "network.0.fixed_ip_v6": "",
                            "network.0.floating_ip": "172.22.202.50",
                            "network.0.mac": "fa:16:3e:15:7e:41",
                            "network.0.name": "demo-net",
                            "network.0.port": "",
                            "network.0.uuid": "e64f665d-8f27-4628-ad97-bd339fbebace",
                            "network.1.access_network": "false",
                            "network.1.fixed_ip_v4": "192.168.1.1",
                            "network.1.fixed_ip_v6": "",
                            "network.1.floating_ip": "",
                            "network.1.mac": "fa:16:3e:48:44:bb",
                            "network.1.name": "red-ext",
                            "network.1.port": "",
                            "network.1.uuid": "fa31865a-a900-434d-82a6-66bcc3f29f3c",
                            "region": "RegionOne",
                            "security_groups.#": "1",
                            "security_groups.3814588639": "default",
                            "stop_before_destroy": "false",
                            "volume.#": "0"
                        },
                        "meta": {},
                        "tainted": false
                    },
                    "deposed": [],
                    "provider": ""
                },
                "openstack_compute_instance_v2.controller": {
                    "type": "openstack_compute_instance_v2",
                    "depends_on": [
                        "openstack_networking_network_v2.red-ext",
                        "openstack_networking_network_v2.red-int"
                    ],
                    "primary": {
                        "id": "7e85f575-46c2-46a2-aa80-6fb20c4d1947",
                        "attributes": {
                            "access_ip_v4": "192.168.1.101",
                            "access_ip_v6": "",
                            "flavor_id": "13",
                            "flavor_name": "m2.normal",
                            "id": "7e85f575-46c2-46a2-aa80-6fb20c4d1947",
                            "image_id": "ca6effe7-0a47-4257-8624-713225a0bbdd",
                            "image_name": "ubuntu_16_04",
                            "key_pair": "key_jdmr",
                            "metadata.%": "1",
                            "metadata.this": "that",
                            "name": "controller",
                            "network.#": "2",
                            "network.0.access_network": "false",
                            "network.0.fixed_ip_v4": "192.168.1.101",
                            "network.0.fixed_ip_v6": "",
                            "network.0.floating_ip": "",
                            "network.0.mac": "fa:16:3e:1a:f6:a6",
                            "network.0.name": "red-ext",
                            "network.0.port": "",
                            "network.0.uuid": "fa31865a-a900-434d-82a6-66bcc3f29f3c",
                            "network.1.access_network": "false",
                            "network.1.fixed_ip_v4": "192.168.221.101",
                            "network.1.fixed_ip_v6": "",
                            "network.1.floating_ip": "",
                            "network.1.mac": "fa:16:3e:1e:d5:47",
                            "network.1.name": "red-int",
                            "network.1.port": "",
                            "network.1.uuid": "787868e3-0081-44c5-b71b-8bbf27be3190",
                            "region": "RegionOne",
                            "security_groups.#": "1",
                            "security_groups.3814588639": "default",
                            "stop_before_destroy": "false",
                            "volume.#": "0"
                        },
                        "meta": {},
                        "tainted": false
                    },
                    "deposed": [],
                    "provider": ""
                },
                "openstack_networking_network_v2.red-ext": {
                    "type": "openstack_networking_network_v2",
                    "depends_on": [],
                    "primary": {
                        "id": "fa31865a-a900-434d-82a6-66bcc3f29f3c",
                        "attributes": {
                            "admin_state_up": "true",
                            "id": "fa31865a-a900-434d-82a6-66bcc3f29f3c",
                            "name": "red-ext",
                            "region": "",
                            "shared": "false",
                            "tenant_id": "639d2d75b1bc4aa082d33872a09591d6"
                        },
                        "meta": {},
                        "tainted": false
                    },
                    "deposed": [],
                    "provider": ""
                },
                "openstack_networking_network_v2.red-int": {
                    "type": "openstack_networking_network_v2",
                    "depends_on": [],
                    "primary": {
                        "id": "787868e3-0081-44c5-b71b-8bbf27be3190",
                        "attributes": {
                            "admin_state_up": "true",
                            "id": "787868e3-0081-44c5-b71b-8bbf27be3190",
                            "name": "red-int",
                            "region": "",
                            "shared": "false",
                            "tenant_id": "639d2d75b1bc4aa082d33872a09591d6"
                        },
                        "meta": {},
                        "tainted": false
                    },
                    "deposed": [],
                    "provider": ""
                },
                "openstack_networking_subnet_v2.subred-ext": {
                    "type": "openstack_networking_subnet_v2",
                    "depends_on": [
                        "openstack_networking_network_v2.red-ext"
                    ],
                    "primary": {
                        "id": "dfd90c41-0542-455c-9dda-9a074848e21f",
                        "attributes": {
                            "allocation_pools.#": "1",
                            "allocation_pools.0.end": "192.168.1.254",
                            "allocation_pools.0.start": "192.168.1.2",
                            "cidr": "192.168.1.0/24",
                            "dns_nameservers.#": "0",
                            "enable_dhcp": "true",
                            "gateway_ip": "192.168.1.1",
                            "host_routes.#": "0",
                            "id": "dfd90c41-0542-455c-9dda-9a074848e21f",
                            "ip_version": "4",
                            "name": "subred-ext",
                            "network_id": "fa31865a-a900-434d-82a6-66bcc3f29f3c",
                            "region": "",
                            "tenant_id": "639d2d75b1bc4aa082d33872a09591d6"
                        },
                        "meta": {},
                        "tainted": false
                    },
                    "deposed": [],
                    "provider": ""
                },
                "openstack_networking_subnet_v2.subred-int": {
                    "type": "openstack_networking_subnet_v2",
                    "depends_on": [
                        "openstack_networking_network_v2.red-int"
                    ],
                    "primary": {
                        "id": "357ff7bc-f280-4e59-bd2e-39ed62a77f6e",
                        "attributes": {
                            "allocation_pools.#": "1",
                            "allocation_pools.0.end": "192.168.221.254",
                            "allocation_pools.0.start": "192.168.221.2",
                            "cidr": "192.168.221.0/24",
                            "dns_nameservers.#": "0",
                            "enable_dhcp": "true",
                            "gateway_ip": "192.168.221.1",
                            "host_routes.#": "0",
                            "id": "357ff7bc-f280-4e59-bd2e-39ed62a77f6e",
                            "ip_version": "4",
                            "name": "subred-int",
                            "network_id": "787868e3-0081-44c5-b71b-8bbf27be3190",
                            "region": "",
                            "tenant_id": "639d2d75b1bc4aa082d33872a09591d6"
                        },
                        "meta": {},
                        "tainted": false
                    },
                    "deposed": [],
                    "provider": ""
                }
            },
            "depends_on": []
        }
    ]
}
